lockfileVersion: '6.0'

settings:
  autoInstallPeers: true
  excludeLinksFromLockfile: false

dependencies:
  gsap:
    specifier: 3.12.2
    version: 3.12.2

packages:

  /gsap@3.12.2:
    resolution: {integrity: sha512-EkYnpG8qHgYBFAwsgsGEqvT1WUidX0tt/ijepx7z8EUJHElykg91RvW1XbkT59T0gZzzszOpjQv7SE41XuIXyQ==}
    dev: false
